
Microsoft Visual Studio Solution File, Format Version 12.00
# Visual Studio 2013
VisualStudioVersion = 12.0.21005.1
MinimumVisualStudioVersion = 10.0.40219.1
Project("{8BC9CEB8-8B4A-11D0-8D11-00A0C91BC942}") = "snake_AI", "snake_AI.vcxproj", "{487D1795-CED3-4D2C-BC6C-08009D8F7D81}"
EndProject
Global
	GlobalSection(SolutionConfigurationPlatforms) = preSolution
		Debug|Win32 = Debug|Win32
		Release|Win32 = Release|Win32
	EndGlobalSection
	GlobalSection(ProjectConfigurationPlatforms) = postSolution
		{487D1795-CED3-4D2C-BC6C-08009D8F7D81}.Debug|Win32.ActiveCfg = Debug|Win32
		{487D1795-CED3-4D2C-BC6C-08009D8F7D81}.Debug|Win32.Build.0 = Debug|Win32
		{487D1795-CED3-4D2C-BC6C-08009D8F7D81}.Release|Win32.ActiveCfg = Release|Win32
		{487D1795-CED3-4D2C-BC6C-08009D8F7D81}.Release|Win32.Build.0 = Release|Win32
	EndGlobalSection
	GlobalSection(SolutionProperties) = preSolution
		HideSolutionNode = FALSE
	EndGlobalSection
EndGlobal
